
Microsoft Visual Studio Solution File, Format Version 12.00
# Visual Studio Version 16
VisualStudioVersion = 16.0.30114.128
MinimumVisualStudioVersion = 10.0.40219.1
Project("{9A19103F-16F7-4668-BE54-9A1E7A4F7556}") = "TSP.Server", "TSP\Server\TSP.Server.csproj", "{E1169FCD-66DA-4042-818F-F5C8655B050A}"
EndProject
Project("{9A19103F-16F7-4668-BE54-9A1E7A4F7556}") = "TSP.Client", "TSP\Client\TSP.Client.csproj", "{BA08F204-1DE9-43F3-9677-739604D5F634}"
EndProject
Project("{9A19103F-16F7-4668-BE54-9A1E7A4F7556}") = "TSP.Shared", "TSP\Shared\TSP.Shared.csproj", "{252B6015-F771-4CA2-9308-C49617CE1AF1}"
EndProject
Project("{9A19103F-16F7-4668-BE54-9A1E7A4F7556}") = "TSPWebsite", "TSPWebsite\TSPWebsite.csproj", "{17748852-4E7A-40E4-A7E6-FA0FD1028645}"
EndProject
Project("{00D1A9C2-B5F0-4AF3-8072-F6C62B433612}") = "TSP.Database", "TSP.Database\TSP.Database.sqlproj", "{262D6F53-AF92-4D22-A3C1-280C6052E7AF}"
EndProject
Project("{151D2E53-A2C4-4D7D-83FE-D05416EBD58E}") = "TSP.ARM", "TSP.ARM\TSP.ARM.deployproj", "{2ED5DE89-DCE3-458D-B4BA-EA0727FD1587}"
EndProject
Project("{FAE04EC0-301F-11D3-BF4B-00C04F79EFBC}") = "TSP.Blazor", "TSP.Blazor\TSP.Blazor.csproj", "{F2D06680-581E-4C6D-8C4D-62969B204822}"
EndProject
Global
	GlobalSection(SolutionConfigurationPlatforms) = preSolution
		Debug|Any CPU = Debug|Any CPU
		Release|Any CPU = Release|Any CPU
	EndGlobalSection
	GlobalSection(ProjectConfigurationPlatforms) = postSolution
		{E1169FCD-66DA-4042-818F-F5C8655B050A}.Debug|Any CPU.ActiveCfg = Debug|Any CPU
		{E1169FCD-66DA-4042-818F-F5C8655B050A}.Debug|Any CPU.Build.0 = Debug|Any CPU
		{E1169FCD-66DA-4042-818F-F5C8655B050A}.Release|Any CPU.ActiveCfg = Release|Any CPU
		{E1169FCD-66DA-4042-818F-F5C8655B050A}.Release|Any CPU.Build.0 = Release|Any CPU
		{BA08F204-1DE9-43F3-9677-739604D5F634}.Debug|Any CPU.ActiveCfg = Debug|Any CPU
		{BA08F204-1DE9-43F3-9677-739604D5F634}.Debug|Any CPU.Build.0 = Debug|Any CPU
		{BA08F204-1DE9-43F3-9677-739604D5F634}.Release|Any CPU.ActiveCfg = Release|Any CPU
		{BA08F204-1DE9-43F3-9677-739604D5F634}.Release|Any CPU.Build.0 = Release|Any CPU
		{252B6015-F771-4CA2-9308-C49617CE1AF1}.Debug|Any CPU.ActiveCfg = Debug|Any CPU
		{252B6015-F771-4CA2-9308-C49617CE1AF1}.Debug|Any CPU.Build.0 = Debug|Any CPU
		{252B6015-F771-4CA2-9308-C49617CE1AF1}.Release|Any CPU.ActiveCfg = Release|Any CPU
		{252B6015-F771-4CA2-9308-C49617CE1AF1}.Release|Any CPU.Build.0 = Release|Any CPU
		{17748852-4E7A-40E4-A7E6-FA0FD1028645}.Debug|Any CPU.ActiveCfg = Debug|Any CPU
		{17748852-4E7A-40E4-A7E6-FA0FD1028645}.Debug|Any CPU.Build.0 = Debug|Any CPU
		{17748852-4E7A-40E4-A7E6-FA0FD1028645}.Release|Any CPU.ActiveCfg = Release|Any CPU
		{17748852-4E7A-40E4-A7E6-FA0FD1028645}.Release|Any CPU.Build.0 = Release|Any CPU
		{262D6F53-AF92-4D22-A3C1-280C6052E7AF}.Debug|Any CPU.ActiveCfg = Debug|Any CPU
		{262D6F53-AF92-4D22-A3C1-280C6052E7AF}.Debug|Any CPU.Build.0 = Debug|Any CPU
		{262D6F53-AF92-4D22-A3C1-280C6052E7AF}.Debug|Any CPU.Deploy.0 = Debug|Any CPU
		{262D6F53-AF92-4D22-A3C1-280C6052E7AF}.Release|Any CPU.ActiveCfg = Release|Any CPU
		{262D6F53-AF92-4D22-A3C1-280C6052E7AF}.Release|Any CPU.Build.0 = Release|Any CPU
		{262D6F53-AF92-4D22-A3C1-280C6052E7AF}.Release|Any CPU.Deploy.0 = Release|Any CPU
		{2ED5DE89-DCE3-458D-B4BA-EA0727FD1587}.Debug|Any CPU.ActiveCfg = Debug|Any CPU
		{2ED5DE89-DCE3-458D-B4BA-EA0727FD1587}.Debug|Any CPU.Build.0 = Debug|Any CPU
		{2ED5DE89-DCE3-458D-B4BA-EA0727FD1587}.Release|Any CPU.ActiveCfg = Release|Any CPU
		{2ED5DE89-DCE3-458D-B4BA-EA0727FD1587}.Release|Any CPU.Build.0 = Release|Any CPU
		{F2D06680-581E-4C6D-8C4D-62969B204822}.Debug|Any CPU.ActiveCfg = Debug|Any CPU
		{F2D06680-581E-4C6D-8C4D-62969B204822}.Debug|Any CPU.Build.0 = Debug|Any CPU
		{F2D06680-581E-4C6D-8C4D-62969B204822}.Release|Any CPU.ActiveCfg = Release|Any CPU
		{F2D06680-581E-4C6D-8C4D-62969B204822}.Release|Any CPU.Build.0 = Release|Any CPU
	EndGlobalSection
	GlobalSection(SolutionProperties) = preSolution
		HideSolutionNode = FALSE
	EndGlobalSection
	GlobalSection(ExtensibilityGlobals) = postSolution
		SolutionGuid = {CFF9BA40-A1F1-4AFC-AFED-69DF7DF5C8A2}
	EndGlobalSection
EndGlobal
